
Microsoft Visual Studio Solution File, Format Version 12.00
# Visual Studio 15
VisualStudioVersion = 15.0.28307.329
MinimumVisualStudioVersion = 10.0.40219.1
Project("{FAE04EC0-301F-11D3-BF4B-00C04F79EFBC}") = "Violigth", "Violigth\Violigth.csproj", "{F03302D7-6E0C-4A40-B9C0-8C2D8CE1C15A}"
EndProject
Global
	GlobalSection(SolutionConfigurationPlatforms) = preSolution
		Debug|Any CPU = Debug|Any CPU
		Release|Any CPU = Release|Any CPU
	EndGlobalSection
	GlobalSection(ProjectConfigurationPlatforms) = postSolution
		{F03302D7-6E0C-4A40-B9C0-8C2D8CE1C15A}.Debug|Any CPU.ActiveCfg = Debug|Any CPU
		{F03302D7-6E0C-4A40-B9C0-8C2D8CE1C15A}.Debug|Any CPU.Build.0 = Debug|Any CPU
		{F03302D7-6E0C-4A40-B9C0-8C2D8CE1C15A}.Release|Any CPU.ActiveCfg = Release|Any CPU
		{F03302D7-6E0C-4A40-B9C0-8C2D8CE1C15A}.Release|Any CPU.Build.0 = Release|Any CPU
	EndGlobalSection
	GlobalSection(SolutionProperties) = preSolution
		HideSolutionNode = FALSE
	EndGlobalSection
	GlobalSection(ExtensibilityGlobals) = postSolution
		SolutionGuid = {5A7EB228-D6A0-4888-BB94-6C38E84303EF}
	EndGlobalSection
EndGlobal
